{
  "nodes": {
    "nixpkgs-unstable": {
      "locked": {
        "lastModified": 1643381941,
        "narHash": "sha256-pHTwvnN4tTsEKkWlXQ8JMY423epos8wUOhthpwJjtpc=",
        "path": "/nix/store/zha6h1j6zpv655y2gwjxq1yh1dx8mfr4-source",
        "rev": "5efc8ca954272c4376ac929f4c5ffefcc20551d5",
        "type": "path"
      },
      "original": {
        "id": "nixpkgs-unstable",
        "type": "indirect"
      }
    },
    "root": {
      "inputs": {
        "nixpkgs-unstable": "nixpkgs-unstable"
      }
    }
  },
  "root": "root",
  "version": 7
}
