{
  "nodes": {
    "nixpkgs-unstable": {
      "locked": {
        "lastModified": 1675184753,
        "narHash": "sha256-ia5TQvzc/XsFWeQb60AhLRK8W8xdhnR9lrihnAnk7KE=",
        "path": "/nix/store/48bqcyzzr13h8b8dbyj36hrhqhii4z7r-source",
        "rev": "50e4dbf35b95fd2b96718b656ebcbc6f9fa3a4ab",
        "type": "path"
      },
      "original": {
        "id": "nixpkgs-unstable",
        "type": "indirect"
      }
    },
    "root": {
      "inputs": {
        "nixpkgs-unstable": "nixpkgs-unstable"
      }
    }
  },
  "root": "root",
  "version": 7
}
